<?xml version="1.0" encoding="utf-8"?>
<Project ToolsVersion="4.0" xmlns="http://schemas.microsoft.com/developer/msbuild/2003">
  <ItemGroup>
    <ClCompile Include="$(MSBuildThisFileDirectory)Attributed.cpp" />
    <ClCompile Include="$(MSBuildThisFileDirectory)Datum.cpp" />
    <ClCompile Include="$(MSBuildThisFileDirectory)DefaultIncrement.cpp" />
    <ClCompile Include="$(MSBuildThisFileDirectory)HashMapCompare.cpp" />
    <ClCompile Include="$(MSBuildThisFileDirectory)Scope.cpp" />
    <ClCompile Include="$(MSBuildThisFileDirectory)jsoncpp.cpp">
      <Filter>JsonCPP</Filter>
    </ClCompile>
    <ClCompile Include="$(MSBuildThisFileDirectory)JsonParseMaster.cpp" />
    <ClCompile Include="$(MSBuildThisFileDirectory)JsonParseHelperTable.cpp" />
    <ClCompile Include="$(MSBuildThisFileDirectory)TableSharedData.cpp" />
    <ClCompile Include="$(MSBuildThisFileDirectory)GameClock.cpp" />
    <ClCompile Include="$(MSBuildThisFileDirectory)GameTime.cpp" />
    <ClCompile Include="$(MSBuildThisFileDirectory)WorldState.cpp" />
    <ClCompile Include="$(MSBuildThisFileDirectory)Entity.cpp" />
    <ClCompile Include="$(MSBuildThisFileDirectory)Sector.cpp" />
    <ClCompile Include="$(MSBuildThisFileDirectory)World.cpp" />
    <ClCompile Include="$(MSBuildThisFileDirectory)Action.cpp" />
    <ClCompile Include="$(MSBuildThisFileDirectory)ActionList.cpp" />
    <ClCompile Include="$(MSBuildThisFileDirectory)ActionListIf.cpp" />
    <ClCompile Include="$(MSBuildThisFileDirectory)ActionExpression.cpp" />
    <ClCompile Include="$(MSBuildThisFileDirectory)ActionCreateAction.cpp" />
    <ClCompile Include="$(MSBuildThisFileDirectory)ActionDestroyAction.cpp" />
    <ClCompile Include="$(MSBuildThisFileDirectory)TypeManager.cpp" />
    <ClCompile Include="$(MSBuildThisFileDirectory)EventPublisher.cpp" />
    <ClCompile Include="$(MSBuildThisFileDirectory)EventQueue.cpp" />
  </ItemGroup>
  <ItemGroup>
    <ClInclude Include="$(MSBuildThisFileDirectory)Attributed.h" />
    <ClInclude Include="$(MSBuildThisFileDirectory)Datum.h" />
    <ClInclude Include="$(MSBuildThisFileDirectory)DefaultIncrement.h" />
    <ClInclude Include="$(MSBuildThisFileDirectory)HashMap.h" />
    <ClInclude Include="$(MSBuildThisFileDirectory)RTTI.h" />
    <ClInclude Include="$(MSBuildThisFileDirectory)Scope.h" />
    <ClInclude Include="$(MSBuildThisFileDirectory)SList.h" />
    <ClInclude Include="$(MSBuildThisFileDirectory)Vector.h" />
    <ClInclude Include="$(MSBuildThisFileDirectory)json\json.h">
      <Filter>JsonCPP</Filter>
    </ClInclude>
    <ClInclude Include="$(MSBuildThisFileDirectory)json\json-forwards.h">
      <Filter>JsonCPP</Filter>
    </ClInclude>
    <ClInclude Include="$(MSBuildThisFileDirectory)IJsonParseHelper.h" />
    <ClInclude Include="$(MSBuildThisFileDirectory)JsonParseMaster.h" />
    <ClInclude Include="$(MSBuildThisFileDirectory)JsonParseHelperTable.h" />
    <ClInclude Include="$(MSBuildThisFileDirectory)TableSharedData.h" />
    <ClInclude Include="$(MSBuildThisFileDirectory)Factory.h" />
    <ClInclude Include="$(MSBuildThisFileDirectory)GameClock.h" />
    <ClInclude Include="$(MSBuildThisFileDirectory)GameTime.h" />
    <ClInclude Include="$(MSBuildThisFileDirectory)WorldState.h" />
    <ClInclude Include="$(MSBuildThisFileDirectory)Entity.h" />
    <ClInclude Include="$(MSBuildThisFileDirectory)Sector.h" />
    <ClInclude Include="$(MSBuildThisFileDirectory)World.h" />
    <ClInclude Include="$(MSBuildThisFileDirectory)Action.h" />
    <ClInclude Include="$(MSBuildThisFileDirectory)ActionList.h" />
    <ClInclude Include="$(MSBuildThisFileDirectory)ActionListIf.h" />
    <ClInclude Include="$(MSBuildThisFileDirectory)ActionExpression.h" />
    <ClInclude Include="$(MSBuildThisFileDirectory)ActionCreateAction.h" />
    <ClInclude Include="$(MSBuildThisFileDirectory)ActionDestroyAction.h" />
    <ClInclude Include="$(MSBuildThisFileDirectory)TypeManager.h" />
    <ClInclude Include="$(MSBuildThisFileDirectory)EventSubscriber.h" />
    <ClInclude Include="$(MSBuildThisFileDirectory)EventPublisher.h" />
    <ClInclude Include="$(MSBuildThisFileDirectory)Event.h" />
    <ClInclude Include="$(MSBuildThisFileDirectory)EventQueue.h" />
  </ItemGroup>
  <ItemGroup>
    <None Include="$(MSBuildThisFileDirectory)HashMap.inl" />
    <None Include="$(MSBuildThisFileDirectory)SList.inl" />
    <None Include="$(MSBuildThisFileDirectory)Vector.inl" />
    <None Include="$(MSBuildThisFileDirectory)Factory.inl" />
    <None Include="$(MSBuildThisFileDirectory)Event.inl" />
  </ItemGroup>
  <ItemGroup>
    <Filter Include="JsonCPP">
      <UniqueIdentifier>{73952730-ac04-4467-a720-fe7bb98ca526}</UniqueIdentifier>
    </Filter>
  </ItemGroup>
</Project>